
Microsoft Visual Studio Solution File, Format Version 12.00
# Visual Studio Version 16
VisualStudioVersion = 16.0.30225.117
MinimumVisualStudioVersion = 10.0.40219.1
Project("{FAE04EC0-301F-11D3-BF4B-00C04F79EFBC}") = "SP_Hauler", "SP_Hauler\SP_Hauler.csproj", "{5D9A6978-48BA-448C-B9C1-3506A900CF97}"
EndProject
Global
	GlobalSection(SolutionConfigurationPlatforms) = preSolution
		Debug|Any CPU = Debug|Any CPU
		Release|Any CPU = Release|Any CPU
	EndGlobalSection
	GlobalSection(ProjectConfigurationPlatforms) = postSolution
		{5D9A6978-48BA-448C-B9C1-3506A900CF97}.Debug|Any CPU.ActiveCfg = Debug|Any CPU
		{5D9A6978-48BA-448C-B9C1-3506A900CF97}.Debug|Any CPU.Build.0 = Debug|Any CPU
		{5D9A6978-48BA-448C-B9C1-3506A900CF97}.Release|Any CPU.ActiveCfg = Release|Any CPU
		{5D9A6978-48BA-448C-B9C1-3506A900CF97}.Release|Any CPU.Build.0 = Release|Any CPU
	EndGlobalSection
	GlobalSection(SolutionProperties) = preSolution
		HideSolutionNode = FALSE
	EndGlobalSection
	GlobalSection(ExtensibilityGlobals) = postSolution
		SolutionGuid = {A8B29912-2DD7-455C-83D2-D36BDBA6860B}
	EndGlobalSection
EndGlobal
